# Direct runtime dependencies for ALAMATIN mBERT NER v1.
# Generated from the successful reference run on Python 3.12.4.
# Install in a clean Python 3.12 environment.
accelerate==1.14.0
datasets==5.0.1
huggingface-hub==1.28.0
numpy==2.2.0
scikit-learn==1.9.0
seqeval==1.2.2
tokenizers==0.22.2
torch==2.5.1
transformers==5.0.0
